
Microsoft Visual Studio Solution File, Format Version 11.00
# Visual Studio 2010
Project("{FAE04EC0-301F-11D3-BF4B-00C04F79EFBC}") = "Assembly-CSharp", "Assembly-CSharp.csproj", "{B517A983-39C8-3DE9-9628-7B857E21244D}"
EndProject
Project("{FAE04EC0-301F-11D3-BF4B-00C04F79EFBC}") = "Assembly-CSharp-Editor", "Assembly-CSharp-Editor.csproj", "{1CE422AD-1B39-EDE2-C479-DA3E91C38D41}"
EndProject
Global
	GlobalSection(SolutionConfigurationPlatforms) = preSolution
		Debug|Any CPU = Debug|Any CPU
		Release|Any CPU = Release|Any CPU
	EndGlobalSection
	GlobalSection(ProjectConfigurationPlatforms) = postSolution
		{B517A983-39C8-3DE9-9628-7B857E21244D}.Debug|Any CPU.ActiveCfg = Debug|Any CPU
		{B517A983-39C8-3DE9-9628-7B857E21244D}.Debug|Any CPU.Build.0 = Debug|Any CPU
		{B517A983-39C8-3DE9-9628-7B857E21244D}.Release|Any CPU.ActiveCfg = Release|Any CPU
		{B517A983-39C8-3DE9-9628-7B857E21244D}.Release|Any CPU.Build.0 = Release|Any CPU
		{1CE422AD-1B39-EDE2-C479-DA3E91C38D41}.Debug|Any CPU.ActiveCfg = Debug|Any CPU
		{1CE422AD-1B39-EDE2-C479-DA3E91C38D41}.Debug|Any CPU.Build.0 = Debug|Any CPU
		{1CE422AD-1B39-EDE2-C479-DA3E91C38D41}.Release|Any CPU.ActiveCfg = Release|Any CPU
		{1CE422AD-1B39-EDE2-C479-DA3E91C38D41}.Release|Any CPU.Build.0 = Release|Any CPU
	EndGlobalSection
	GlobalSection(SolutionProperties) = preSolution
		HideSolutionNode = FALSE
	EndGlobalSection
EndGlobal
